
Microsoft Visual Studio Solution File, Format Version 12.00
# Visual Studio 2013
VisualStudioVersion = 12.0.30110.0
MinimumVisualStudioVersion = 10.0.40219.1
Project("{FAE04EC0-301F-11D3-BF4B-00C04F79EFBC}") = "Web", "Web\Web.csproj", "{09C3B59C-FA20-4344-929B-CFFB8DA40A82}"
EndProject
Project("{FAE04EC0-301F-11D3-BF4B-00C04F79EFBC}") = "Noshitsherlock.UmbracoNodeApi", "Noshitsherlock.UmbracoNodeApi\Noshitsherlock.UmbracoNodeApi.csproj", "{6215238E-8BA2-4061-AD6C-DCCD5CC5D79C}"
EndProject
Global
	GlobalSection(SolutionConfigurationPlatforms) = preSolution
		Debug|Any CPU = Debug|Any CPU
		Release|Any CPU = Release|Any CPU
	EndGlobalSection
	GlobalSection(ProjectConfigurationPlatforms) = postSolution
		{09C3B59C-FA20-4344-929B-CFFB8DA40A82}.Debug|Any CPU.ActiveCfg = Debug|Any CPU
		{09C3B59C-FA20-4344-929B-CFFB8DA40A82}.Debug|Any CPU.Build.0 = Debug|Any CPU
		{09C3B59C-FA20-4344-929B-CFFB8DA40A82}.Release|Any CPU.ActiveCfg = Release|Any CPU
		{09C3B59C-FA20-4344-929B-CFFB8DA40A82}.Release|Any CPU.Build.0 = Release|Any CPU
		{6215238E-8BA2-4061-AD6C-DCCD5CC5D79C}.Debug|Any CPU.ActiveCfg = Debug|Any CPU
		{6215238E-8BA2-4061-AD6C-DCCD5CC5D79C}.Debug|Any CPU.Build.0 = Debug|Any CPU
		{6215238E-8BA2-4061-AD6C-DCCD5CC5D79C}.Release|Any CPU.ActiveCfg = Release|Any CPU
		{6215238E-8BA2-4061-AD6C-DCCD5CC5D79C}.Release|Any CPU.Build.0 = Release|Any CPU
	EndGlobalSection
	GlobalSection(SolutionProperties) = preSolution
		HideSolutionNode = FALSE
	EndGlobalSection
EndGlobal
